
Microsoft Visual Studio Solution File, Format Version 12.00
# Visual Studio Version 17
VisualStudioVersion = 17.3.32901.215
MinimumVisualStudioVersion = 10.0.40219.1
Project("{FAE04EC0-301F-11D3-BF4B-00C04F79EFBC}") = "CarLibaryProject", "CarLibaryProject\CarLibaryProject.csproj", "{D35A9C2F-1A5E-4E4C-97E7-1939BAA17072}"
EndProject
Project("{FAE04EC0-301F-11D3-BF4B-00C04F79EFBC}") = "CarLibaryProjectTests", "CarLibaryProjectTests\CarLibaryProjectTests.csproj", "{406700DC-C431-4F5F-A5DD-1D4E19776403}"
EndProject
Global
	GlobalSection(SolutionConfigurationPlatforms) = preSolution
		Debug|Any CPU = Debug|Any CPU
		Release|Any CPU = Release|Any CPU
	EndGlobalSection
	GlobalSection(ProjectConfigurationPlatforms) = postSolution
		{D35A9C2F-1A5E-4E4C-97E7-1939BAA17072}.Debug|Any CPU.ActiveCfg = Debug|Any CPU
		{D35A9C2F-1A5E-4E4C-97E7-1939BAA17072}.Debug|Any CPU.Build.0 = Debug|Any CPU
		{D35A9C2F-1A5E-4E4C-97E7-1939BAA17072}.Release|Any CPU.ActiveCfg = Release|Any CPU
		{D35A9C2F-1A5E-4E4C-97E7-1939BAA17072}.Release|Any CPU.Build.0 = Release|Any CPU
		{406700DC-C431-4F5F-A5DD-1D4E19776403}.Debug|Any CPU.ActiveCfg = Debug|Any CPU
		{406700DC-C431-4F5F-A5DD-1D4E19776403}.Debug|Any CPU.Build.0 = Debug|Any CPU
		{406700DC-C431-4F5F-A5DD-1D4E19776403}.Release|Any CPU.ActiveCfg = Release|Any CPU
		{406700DC-C431-4F5F-A5DD-1D4E19776403}.Release|Any CPU.Build.0 = Release|Any CPU
	EndGlobalSection
	GlobalSection(SolutionProperties) = preSolution
		HideSolutionNode = FALSE
	EndGlobalSection
	GlobalSection(ExtensibilityGlobals) = postSolution
		SolutionGuid = {63D7EC55-E77E-48BF-AA98-8B57B7C65F9A}
	EndGlobalSection
EndGlobal
